{
  "version": 4,
  "terraform_version": "0.13.5",
  "serial": 7,
  "lineage": "4d2a03e5-5a61-758f-e196-18f687f23fb2",
  "outputs": {
    "instance_ip_addr": {
      "value": {
        "223658088": "178.128.103.151"
      },
      "type": [
        "object",
        {
          "223658088": "string"
        }
      ]
    }
  },
  "resources": [
    {
      "mode": "managed",
      "type": "digitalocean_droplet",
      "name": "vault",
      "provider": "provider[\"registry.terraform.io/digitalocean/digitalocean\"]",
      "instances": [
        {
          "index_key": 0,
          "schema_version": 1,
          "attributes": {
            "backups": false,
            "created_at": "2020-12-28T09:05:09Z",
            "disk": 25,
            "id": "223658088",
            "image": "75771949",
            "ipv4_address": "178.128.103.151",
            "ipv4_address_private": "10.104.0.2",
            "ipv6": false,
            "ipv6_address": "",
            "locked": false,
            "memory": 1024,
            "monitoring": false,
            "name": "vault",
            "price_hourly": 0.00744,
            "price_monthly": 5,
            "private_networking": true,
            "region": "sgp1",
            "resize_disk": true,
            "size": "s-1vcpu-1gb",
            "ssh_keys": [
              "4a:ee:24:86:42:cb:d3:b5:61:ea:88:fe:de:cc:01:66"
            ],
            "status": "active",
            "tags": null,
            "urn": "do:droplet:223658088",
            "user_data": null,
            "vcpus": 1,
            "volume_ids": [],
            "vpc_uuid": "d8be071d-6cce-474e-82af-b0decf135f03"
          },
          "private": "eyJzY2hlbWFfdmVyc2lvbiI6IjEifQ=="
        }
      ]
    }
  ]
}
